// !$*UTF8*$!
{
	archiveVersion = 1;
	classes = {
	};
	objectVersion = 77;
	objects = {

/* Begin PBXBuildFile section */
		267F55882DF0C84100EAF612 /* FirebaseFirestoreCombine-Community in Frameworks */ = {isa = PBXBuildFile; productRef = 267F55872DF0C84100EAF612 /* FirebaseFirestoreCombine-Community */; };
		26C5244D2DF0065C009FA746 /* FirebaseAnalytics in Frameworks */ = {isa = PBXBuildFile; productRef = 26C5244C2DF0065C009FA746 /* FirebaseAnalytics */; };
		26C5244F2DF0065C009FA746 /* FirebaseAuth in Frameworks */ = {isa = PBXBuildFile; productRef = 26C5244E2DF0065C009FA746 /* FirebaseAuth */; };
		26C524512DF0065C009FA746 /* FirebaseFirestore in Frameworks */ = {isa = PBXBuildFile; productRef = 26C524502DF0065C009FA746 /* FirebaseFirestore */; };
		26C524532DF0065C009FA746 /* FirebaseStorage in Frameworks */ = {isa = PBXBuildFile; productRef = 26C524522DF0065C009FA746 /* FirebaseStorage */; };
/* End PBXBuildFile section */

/* Begin PBXContainerItemProxy section */
		26C523672DEFFE5A009FA746 /* PBXContainerItemProxy */ = {
			isa = PBXContainerItemProxy;
			containerPortal = 26C523512DEFFE58009FA746 /* Project object */;
			proxyType = 1;
			remoteGlobalIDString = 26C523582DEFFE58009FA746;
			remoteInfo = "Snip-d";
		};
		26C523712DEFFE5A009FA746 /* PBXContainerItemProxy */ = {
			isa = PBXContainerItemProxy;
			containerPortal = 26C523512DEFFE58009FA746 /* Project object */;
			proxyType = 1;
			remoteGlobalIDString = 26C523582DEFFE58009FA746;
			remoteInfo = "Snip-d";
		};
/* End PBXContainerItemProxy section */

/* Begin PBXFileReference section */
		26C523592DEFFE58009FA746 /* Snip-d.app */ = {isa = PBXFileReference; explicitFileType = wrapper.application; includeInIndex = 0; path = "Snip-d.app"; sourceTree = BUILT_PRODUCTS_DIR; };
		26C523662DEFFE5A009FA746 /* Snip-dTests.xctest */ = {isa = PBXFileReference; explicitFileType = wrapper.cfbundle; includeInIndex = 0; path = "Snip-dTests.xctest"; sourceTree = BUILT_PRODUCTS_DIR; };
		26C523702DEFFE5A009FA746 /* Snip-dUITests.xctest */ = {isa = PBXFileReference; explicitFileType = wrapper.cfbundle; includeInIndex = 0; path = "Snip-dUITests.xctest"; sourceTree = BUILT_PRODUCTS_DIR; };
/* End PBXFileReference section */

/* Begin PBXFileSystemSynchronizedRootGroup section */
		26C5235B2DEFFE58009FA746 /* Snip-d */ = {
			isa = PBXFileSystemSynchronizedRootGroup;
			path = "Snip-d";
			sourceTree = "<group>";
		};
		26C523692DEFFE5A009FA746 /* Snip-dTests */ = {
			isa = PBXFileSystemSynchronizedRootGroup;
			path = "Snip-dTests";
			sourceTree = "<group>";
		};
		26C523732DEFFE5A009FA746 /* Snip-dUITests */ = {
			isa = PBXFileSystemSynchronizedRootGroup;
			path = "Snip-dUITests";
			sourceTree = "<group>";
		};
		26C5239A2DF001BA009FA746 /* Models */ = {
			isa = PBXFileSystemSynchronizedRootGroup;
			path = Models;
			sourceTree = "<group>";
		};
		26C523AB2DF0024D009FA746 /* Views */ = {
			isa = PBXFileSystemSynchronizedRootGroup;
			path = Views;
			sourceTree = "<group>";
		};
		26C523CD2DF0030D009FA746 /* ViewModels */ = {
			isa = PBXFileSystemSynchronizedRootGroup;
			path = ViewModels;
			sourceTree = "<group>";
		};
		26C523E62DF00399009FA746 /* Services */ = {
			isa = PBXFileSystemSynchronizedRootGroup;
			path = Services;
			sourceTree = "<group>";
		};
		26C524382DF00426009FA746 /* Utils */ = {
			isa = PBXFileSystemSynchronizedRootGroup;
			path = Utils;
			sourceTree = "<group>";
		};
		26C524452DF0047E009FA746 /* Resources */ = {
			isa = PBXFileSystemSynchronizedRootGroup;
			path = Resources;
			sourceTree = "<group>";
		};
/* End PBXFileSystemSynchronizedRootGroup section */

/* Begin PBXFrameworksBuildPhase section */
		26C523562DEFFE58009FA746 /* Frameworks */ = {
			isa = PBXFrameworksBuildPhase;
			buildActionMask = 2147483647;
			files = (
				26C5244D2DF0065C009FA746 /* FirebaseAnalytics in Frameworks */,
				26C524532DF0065C009FA746 /* FirebaseStorage in Frameworks */,
				26C5244F2DF0065C009FA746 /* FirebaseAuth in Frameworks */,
				267F55882DF0C84100EAF612 /* FirebaseFirestoreCombine-Community in Frameworks */,
				26C524512DF0065C009FA746 /* FirebaseFirestore in Frameworks */,
			);
			runOnlyForDeploymentPostprocessing = 0;
		};
		26C523632DEFFE5A009FA746 /* Frameworks */ = {
			isa = PBXFrameworksBuildPhase;
			buildActionMask = 2147483647;
			files = (
			);
			runOnlyForDeploymentPostprocessing = 0;
		};
		26C5236D2DEFFE5A009FA746 /* Frameworks */ = {
			isa = PBXFrameworksBuildPhase;
			buildActionMask = 2147483647;
			files = (
			);
			runOnlyForDeploymentPostprocessing = 0;
		};
/* End PBXFrameworksBuildPhase section */

/* Begin PBXGroup section */
		26C523502DEFFE58009FA746 = {
			isa = PBXGroup;
			children = (
				26C524452DF0047E009FA746 /* Resources */,
				26C524382DF00426009FA746 /* Utils */,
				26C523E62DF00399009FA746 /* Services */,
				26C523CD2DF0030D009FA746 /* ViewModels */,
				26C523AB2DF0024D009FA746 /* Views */,
				26C5239A2DF001BA009FA746 /* Models */,
				26C5235B2DEFFE58009FA746 /* Snip-d */,
				26C523692DEFFE5A009FA746 /* Snip-dTests */,
				26C523732DEFFE5A009FA746 /* Snip-dUITests */,
				26C5235A2DEFFE58009FA746 /* Products */,
			);
			sourceTree = "<group>";
		};
		26C5235A2DEFFE58009FA746 /* Products */ = {
			isa = PBXGroup;
			children = (
				26C523592DEFFE58009FA746 /* Snip-d.app */,
				26C523662DEFFE5A009FA746 /* Snip-dTests.xctest */,
				26C523702DEFFE5A009FA746 /* Snip-dUITests.xctest */,
			);
			name = Products;
			sourceTree = "<group>";
		};
/* End PBXGroup section */

/* Begin PBXNativeTarget section */
		26C523582DEFFE58009FA746 /* Snip-d */ = {
			isa = PBXNativeTarget;
			buildConfigurationList = 26C5237A2DEFFE5A009FA746 /* Build configuration list for PBXNativeTarget "Snip-d" */;
			buildPhases = (
				26C523552DEFFE58009FA746 /* Sources */,
				26C523562DEFFE58009FA746 /* Frameworks */,
				26C523572DEFFE58009FA746 /* Resources */,
			);
			buildRules = (
			);
			dependencies = (
			);
			fileSystemSynchronizedGroups = (
				26C5235B2DEFFE58009FA746 /* Snip-d */,
				26C5239A2DF001BA009FA746 /* Models */,
				26C523AB2DF0024D009FA746 /* Views */,
				26C523CD2DF0030D009FA746 /* ViewModels */,
				26C523E62DF00399009FA746 /* Services */,
				26C524382DF00426009FA746 /* Utils */,
				26C524452DF0047E009FA746 /* Resources */,
			);
			name = "Snip-d";
			packageProductDependencies = (
				26C5244C2DF0065C009FA746 /* FirebaseAnalytics */,
				26C5244E2DF0065C009FA746 /* FirebaseAuth */,
				26C524502DF0065C009FA746 /* FirebaseFirestore */,
				26C524522DF0065C009FA746 /* FirebaseStorage */,
				267F55872DF0C84100EAF612 /* FirebaseFirestoreCombine-Community */,
			);
			productName = "Snip-d";
			productReference = 26C523592DEFFE58009FA746 /* Snip-d.app */;
			productType = "com.apple.product-type.application";
		};
		26C523652DEFFE5A009FA746 /* Snip-dTests */ = {
			isa = PBXNativeTarget;
			buildConfigurationList = 26C5237D2DEFFE5A009FA746 /* Build configuration list for PBXNativeTarget "Snip-dTests" */;
			buildPhases = (
				26C523622DEFFE5A009FA746 /* Sources */,
				26C523632DEFFE5A009FA746 /* Frameworks */,
				26C523642DEFFE5A009FA746 /* Resources */,
			);
			buildRules = (
			);
			dependencies = (
				26C523682DEFFE5A009FA746 /* PBXTargetDependency */,
			);
			fileSystemSynchronizedGroups = (
				26C523692DEFFE5A009FA746 /* Snip-dTests */,
			);
			name = "Snip-dTests";
			packageProductDependencies = (
			);
			productName = "Snip-dTests";
			productReference = 26C523662DEFFE5A009FA746 /* Snip-dTests.xctest */;
			productType = "com.apple.product-type.bundle.unit-test";
		};
		26C5236F2DEFFE5A009FA746 /* Snip-dUITests */ = {
			isa = PBXNativeTarget;
			buildConfigurationList = 26C523802DEFFE5A009FA746 /* Build configuration list for PBXNativeTarget "Snip-dUITests" */;
			buildPhases = (
				26C5236C2DEFFE5A009FA746 /* Sources */,
				26C5236D2DEFFE5A009FA746 /* Frameworks */,
				26C5236E2DEFFE5A009FA746 /* Resources */,
			);
			buildRules = (
			);
			dependencies = (
				26C523722DEFFE5A009FA746 /* PBXTargetDependency */,
			);
			fileSystemSynchronizedGroups = (
				26C523732DEFFE5A009FA746 /* Snip-dUITests */,
			);
			name = "Snip-dUITests";
			packageProductDependencies = (
			);
			productName = "Snip-dUITests";
			productReference = 26C523702DEFFE5A009FA746 /* Snip-dUITests.xctest */;
			productType = "com.apple.product-type.bundle.ui-testing";
		};
/* End PBXNativeTarget section */

/* Begin PBXProject section */
		26C523512DEFFE58009FA746 /* Project object */ = {
			isa = PBXProject;
			attributes = {
				BuildIndependentTargetsInParallel = 1;
				LastSwiftUpdateCheck = 1640;
				LastUpgradeCheck = 1640;
				TargetAttributes = {
					26C523582DEFFE58009FA746 = {
						CreatedOnToolsVersion = 16.4;
					};
					26C523652DEFFE5A009FA746 = {
						CreatedOnToolsVersion = 16.4;
						TestTargetID = 26C523582DEFFE58009FA746;
					};
					26C5236F2DEFFE5A009FA746 = {
						CreatedOnToolsVersion = 16.4;
						TestTargetID = 26C523582DEFFE58009FA746;
					};
				};
			};
			buildConfigurationList = 26C523542DEFFE58009FA746 /* Build configuration list for PBXProject "Snip-d" */;
			developmentRegion = en;
			hasScannedForEncodings = 0;
			knownRegions = (
				en,
				Base,
			);
			mainGroup = 26C523502DEFFE58009FA746;
			minimizedProjectReferenceProxies = 1;
			packageReferences = (
				26C5244B2DF0065C009FA746 /* XCRemoteSwiftPackageReference "firebase-ios-sdk" */,
			);
			preferredProjectObjectVersion = 77;
			productRefGroup = 26C5235A2DEFFE58009FA746 /* Products */;
			projectDirPath = "";
			projectRoot = "";
			targets = (
				26C523582DEFFE58009FA746 /* Snip-d */,
				26C523652DEFFE5A009FA746 /* Snip-dTests */,
				26C5236F2DEFFE5A009FA746 /* Snip-dUITests */,
			);
		};
/* End PBXProject section */

/* Begin PBXResourcesBuildPhase section */
		26C523572DEFFE58009FA746 /* Resources */ = {
			isa = PBXResourcesBuildPhase;
			buildActionMask = 2147483647;
			files = (
			);
			runOnlyForDeploymentPostprocessing = 0;
		};
		26C523642DEFFE5A009FA746 /* Resources */ = {
			isa = PBXResourcesBuildPhase;
			buildActionMask = 2147483647;
			files = (
			);
			runOnlyForDeploymentPostprocessing = 0;
		};
		26C5236E2DEFFE5A009FA746 /* Resources */ = {
			isa = PBXResourcesBuildPhase;
			buildActionMask = 2147483647;
			files = (
			);
			runOnlyForDeploymentPostprocessing = 0;
		};
/* End PBXResourcesBuildPhase section */

/* Begin PBXSourcesBuildPhase section */
		26C523552DEFFE58009FA746 /* Sources */ = {
			isa = PBXSourcesBuildPhase;
			buildActionMask = 2147483647;
			files = (
			);
			runOnlyForDeploymentPostprocessing = 0;
		};
		26C523622DEFFE5A009FA746 /* Sources */ = {
			isa = PBXSourcesBuildPhase;
			buildActionMask = 2147483647;
			files = (
			);
			runOnlyForDeploymentPostprocessing = 0;
		};
		26C5236C2DEFFE5A009FA746 /* Sources */ = {
			isa = PBXSourcesBuildPhase;
			buildActionMask = 2147483647;
			files = (
			);
			runOnlyForDeploymentPostprocessing = 0;
		};
/* End PBXSourcesBuildPhase section */

/* Begin PBXTargetDependency section */
		26C523682DEFFE5A009FA746 /* PBXTargetDependency */ = {
			isa = PBXTargetDependency;
			target = 26C523582DEFFE58009FA746 /* Snip-d */;
			targetProxy = 26C523672DEFFE5A009FA746 /* PBXContainerItemProxy */;
		};
		26C523722DEFFE5A009FA746 /* PBXTargetDependency */ = {
			isa = PBXTargetDependency;
			target = 26C523582DEFFE58009FA746 /* Snip-d */;
			targetProxy = 26C523712DEFFE5A009FA746 /* PBXContainerItemProxy */;
		};
/* End PBXTargetDependency section */

/* Begin XCBuildConfiguration section */
		26C523782DEFFE5A009FA746 /* Debug */ = {
			isa = XCBuildConfiguration;
			buildSettings = {
				ALWAYS_SEARCH_USER_PATHS = NO;
				ASSETCATALOG_COMPILER_GENERATE_SWIFT_ASSET_SYMBOL_EXTENSIONS = YES;
				CLANG_ANALYZER_NONNULL = YES;
				CLANG_ANALYZER_NUMBER_OBJECT_CONVERSION = YES_AGGRESSIVE;
				CLANG_CXX_LANGUAGE_STANDARD = "gnu++20";
				CLANG_ENABLE_MODULES = YES;
				CLANG_ENABLE_OBJC_ARC = YES;
				CLANG_ENABLE_OBJC_WEAK = YES;
				CLANG_WARN_BLOCK_CAPTURE_AUTORELEASING = YES;
				CLANG_WARN_BOOL_CONVERSION = YES;
				CLANG_WARN_COMMA = YES;
				CLANG_WARN_CONSTANT_CONVERSION = YES;
				CLANG_WARN_DEPRECATED_OBJC_IMPLEMENTATIONS = YES;
				CLANG_WARN_DIRECT_OBJC_ISA_USAGE = YES_ERROR;
				CLANG_WARN_DOCUMENTATION_COMMENTS = YES;
				CLANG_WARN_EMPTY_BODY = YES;
				CLANG_WARN_ENUM_CONVERSION = YES;
				CLANG_WARN_INFINITE_RECURSION = YES;
				CLANG_WARN_INT_CONVERSION = YES;
				CLANG_WARN_NON_LITERAL_NULL_CONVERSION = YES;
				CLANG_WARN_OBJC_IMPLICIT_RETAIN_SELF = YES;
				CLANG_WARN_OBJC_LITERAL_CONVERSION = YES;
				CLANG_WARN_OBJC_ROOT_CLASS = YES_ERROR;
				CLANG_WARN_QUOTED_INCLUDE_IN_FRAMEWORK_HEADER = YES;
				CLANG_WARN_RANGE_LOOP_ANALYSIS = YES;
				CLANG_WARN_STRICT_PROTOTYPES = YES;
				CLANG_WARN_SUSPICIOUS_MOVE = YES;
				CLANG_WARN_UNGUARDED_AVAILABILITY = YES_AGGRESSIVE;
				CLANG_WARN_UNREACHABLE_CODE = YES;
				CLANG_WARN__DUPLICATE_METHOD_MATCH = YES;
				COPY_PHASE_STRIP = NO;
				DEBUG_INFORMATION_FORMAT = dwarf;
				ENABLE_STRICT_OBJC_MSGSEND = YES;
				ENABLE_TESTABILITY = YES;
				ENABLE_USER_SCRIPT_SANDBOXING = YES;
				GCC_C_LANGUAGE_STANDARD = gnu17;
				GCC_DYNAMIC_NO_PIC = NO;
				GCC_NO_COMMON_BLOCKS = YES;
				GCC_OPTIMIZATION_LEVEL = 0;
				GCC_PREPROCESSOR_DEFINITIONS = (
					"DEBUG=1",
					"$(inherited)",
				);
				GCC_WARN_64_TO_32_BIT_CONVERSION = YES;
				GCC_WARN_ABOUT_RETURN_TYPE = YES_ERROR;
				GCC_WARN_UNDECLARED_SELECTOR = YES;
				GCC_WARN_UNINITIALIZED_AUTOS = YES_AGGRESSIVE;
				GCC_WARN_UNUSED_FUNCTION = YES;
				GCC_WARN_UNUSED_VARIABLE = YES;
				IPHONEOS_DEPLOYMENT_TARGET = 18.5;
				LOCALIZATION_PREFERS_STRING_CATALOGS = YES;
				MTL_ENABLE_DEBUG_INFO = INCLUDE_SOURCE;
				MTL_FAST_MATH = YES;
				ONLY_ACTIVE_ARCH = YES;
				SDKROOT = iphoneos;
				SWIFT_ACTIVE_COMPILATION_CONDITIONS = "DEBUG $(inherited)";
				SWIFT_OPTIMIZATION_LEVEL = "-Onone";
			};
			name = Debug;
		};
		26C523792DEFFE5A009FA746 /* Release */ = {
			isa = XCBuildConfiguration;
			buildSettings = {
				ALWAYS_SEARCH_USER_PATHS = NO;
				ASSETCATALOG_COMPILER_GENERATE_SWIFT_ASSET_SYMBOL_EXTENSIONS = YES;
				CLANG_ANALYZER_NONNULL = YES;
				CLANG_ANALYZER_NUMBER_OBJECT_CONVERSION = YES_AGGRESSIVE;
				CLANG_CXX_LANGUAGE_STANDARD = "gnu++20";
				CLANG_ENABLE_MODULES = YES;
				CLANG_ENABLE_OBJC_ARC = YES;
				CLANG_ENABLE_OBJC_WEAK = YES;
				CLANG_WARN_BLOCK_CAPTURE_AUTORELEASING = YES;
				CLANG_WARN_BOOL_CONVERSION = YES;
				CLANG_WARN_COMMA = YES;
				CLANG_WARN_CONSTANT_CONVERSION = YES;
				CLANG_WARN_DEPRECATED_OBJC_IMPLEMENTATIONS = YES;
				CLANG_WARN_DIRECT_OBJC_ISA_USAGE = YES_ERROR;
				CLANG_WARN_DOCUMENTATION_COMMENTS = YES;
				CLANG_WARN_EMPTY_BODY = YES;
				CLANG_WARN_ENUM_CONVERSION = YES;
				CLANG_WARN_INFINITE_RECURSION = YES;
				CLANG_WARN_INT_CONVERSION = YES;
				CLANG_WARN_NON_LITERAL_NULL_CONVERSION = YES;
				CLANG_WARN_OBJC_IMPLICIT_RETAIN_SELF = YES;
				CLANG_WARN_OBJC_LITERAL_CONVERSION = YES;
				CLANG_WARN_OBJC_ROOT_CLASS = YES_ERROR;
				CLANG_WARN_QUOTED_INCLUDE_IN_FRAMEWORK_HEADER = YES;
				CLANG_WARN_RANGE_LOOP_ANALYSIS = YES;
				CLANG_WARN_STRICT_PROTOTYPES = YES;
				CLANG_WARN_SUSPICIOUS_MOVE = YES;
				CLANG_WARN_UNGUARDED_AVAILABILITY = YES_AGGRESSIVE;
				CLANG_WARN_UNREACHABLE_CODE = YES;
				CLANG_WARN__DUPLICATE_METHOD_MATCH = YES;
				COPY_PHASE_STRIP = NO;
				DEBUG_INFORMATION_FORMAT = "dwarf-with-dsym";
				ENABLE_NS_ASSERTIONS = NO;
				ENABLE_STRICT_OBJC_MSGSEND = YES;
				ENABLE_USER_SCRIPT_SANDBOXING = YES;
				GCC_C_LANGUAGE_STANDARD = gnu17;
				GCC_NO_COMMON_BLOCKS = YES;
				GCC_WARN_64_TO_32_BIT_CONVERSION = YES;
				GCC_WARN_ABOUT_RETURN_TYPE = YES_ERROR;
				GCC_WARN_UNDECLARED_SELECTOR = YES;
				GCC_WARN_UNINITIALIZED_AUTOS = YES_AGGRESSIVE;
				GCC_WARN_UNUSED_FUNCTION = YES;
				GCC_WARN_UNUSED_VARIABLE = YES;
				IPHONEOS_DEPLOYMENT_TARGET = 18.5;
				LOCALIZATION_PREFERS_STRING_CATALOGS = YES;
				MTL_ENABLE_DEBUG_INFO = NO;
				MTL_FAST_MATH = YES;
				SDKROOT = iphoneos;
				SWIFT_COMPILATION_MODE = wholemodule;
				VALIDATE_PRODUCT = YES;
			};
			name = Release;
		};
		26C5237B2DEFFE5A009FA746 /* Debug */ = {
			isa = XCBuildConfiguration;
			buildSettings = {
				ASSETCATALOG_COMPILER_APPICON_NAME = AppIcon;
				ASSETCATALOG_COMPILER_GLOBAL_ACCENT_COLOR_NAME = AccentColor;
				CODE_SIGN_STYLE = Automatic;
				CURRENT_PROJECT_VERSION = 1;
				DEVELOPMENT_TEAM = XL663Y5PDT;
				ENABLE_PREVIEWS = YES;
				GENERATE_INFOPLIST_FILE = YES;
				INFOPLIST_KEY_UIApplicationSceneManifest_Generation = YES;
				INFOPLIST_KEY_UIApplicationSupportsIndirectInputEvents = YES;
				INFOPLIST_KEY_UILaunchScreen_Generation = YES;
				INFOPLIST_KEY_UISupportedInterfaceOrientations_iPad = "UIInterfaceOrientationPortrait UIInterfaceOrientationPortraitUpsideDown UIInterfaceOrientationLandscapeLeft UIInterfaceOrientationLandscapeRight";
				INFOPLIST_KEY_UISupportedInterfaceOrientations_iPhone = "UIInterfaceOrientationPortrait UIInterfaceOrientationLandscapeLeft UIInterfaceOrientationLandscapeRight";
				IPHONEOS_DEPLOYMENT_TARGET = 18.4;
				LD_RUNPATH_SEARCH_PATHS = (
					"$(inherited)",
					"@executable_path/Frameworks",
				);
				MARKETING_VERSION = 1.0;
				PRODUCT_BUNDLE_IDENTIFIER = "edu.uw.ischool.tkhieu.Snip-d";
				PRODUCT_NAME = "$(TARGET_NAME)";
				SWIFT_EMIT_LOC_STRINGS = YES;
				SWIFT_VERSION = 5.0;
				TARGETED_DEVICE_FAMILY = "1,2";
			};
			name = Debug;
		};
		26C5237C2DEFFE5A009FA746 /* Release */ = {
			isa = XCBuildConfiguration;
			buildSettings = {
				ASSETCATALOG_COMPILER_APPICON_NAME = AppIcon;
				ASSETCATALOG_COMPILER_GLOBAL_ACCENT_COLOR_NAME = AccentColor;
				CODE_SIGN_STYLE = Automatic;
				CURRENT_PROJECT_VERSION = 1;
				DEVELOPMENT_TEAM = XL663Y5PDT;
				ENABLE_PREVIEWS = YES;
				GENERATE_INFOPLIST_FILE = YES;
				INFOPLIST_KEY_UIApplicationSceneManifest_Generation = YES;
				INFOPLIST_KEY_UIApplicationSupportsIndirectInputEvents = YES;
				INFOPLIST_KEY_UILaunchScreen_Generation = YES;
				INFOPLIST_KEY_UISupportedInterfaceOrientations_iPad = "UIInterfaceOrientationPortrait UIInterfaceOrientationPortraitUpsideDown UIInterfaceOrientationLandscapeLeft UIInterfaceOrientationLandscapeRight";
				INFOPLIST_KEY_UISupportedInterfaceOrientations_iPhone = "UIInterfaceOrientationPortrait UIInterfaceOrientationLandscapeLeft UIInterfaceOrientationLandscapeRight";
				IPHONEOS_DEPLOYMENT_TARGET = 18.4;
				LD_RUNPATH_SEARCH_PATHS = (
					"$(inherited)",
					"@executable_path/Frameworks",
				);
				MARKETING_VERSION = 1.0;
				PRODUCT_BUNDLE_IDENTIFIER = "edu.uw.ischool.tkhieu.Snip-d";
				PRODUCT_NAME = "$(TARGET_NAME)";
				SWIFT_EMIT_LOC_STRINGS = YES;
				SWIFT_VERSION = 5.0;
				TARGETED_DEVICE_FAMILY = "1,2";
			};
			name = Release;
		};
		26C5237E2DEFFE5A009FA746 /* Debug */ = {
			isa = XCBuildConfiguration;
			buildSettings = {
				BUNDLE_LOADER = "$(TEST_HOST)";
				CODE_SIGN_STYLE = Automatic;
				CURRENT_PROJECT_VERSION = 1;
				GENERATE_INFOPLIST_FILE = YES;
				IPHONEOS_DEPLOYMENT_TARGET = 18.5;
				MARKETING_VERSION = 1.0;
				PRODUCT_BUNDLE_IDENTIFIER = "edu.uw.ischool.tkhieu.Snip-dTests";
				PRODUCT_NAME = "$(TARGET_NAME)";
				SWIFT_EMIT_LOC_STRINGS = NO;
				SWIFT_VERSION = 5.0;
				TARGETED_DEVICE_FAMILY = "1,2";
				TEST_HOST = "$(BUILT_PRODUCTS_DIR)/Snip-d.app/$(BUNDLE_EXECUTABLE_FOLDER_PATH)/Snip-d";
			};
			name = Debug;
		};
		26C5237F2DEFFE5A009FA746 /* Release */ = {
			isa = XCBuildConfiguration;
			buildSettings = {
				BUNDLE_LOADER = "$(TEST_HOST)";
				CODE_SIGN_STYLE = Automatic;
				CURRENT_PROJECT_VERSION = 1;
				GENERATE_INFOPLIST_FILE = YES;
				IPHONEOS_DEPLOYMENT_TARGET = 18.5;
				MARKETING_VERSION = 1.0;
				PRODUCT_BUNDLE_IDENTIFIER = "edu.uw.ischool.tkhieu.Snip-dTests";
				PRODUCT_NAME = "$(TARGET_NAME)";
				SWIFT_EMIT_LOC_STRINGS = NO;
				SWIFT_VERSION = 5.0;
				TARGETED_DEVICE_FAMILY = "1,2";
				TEST_HOST = "$(BUILT_PRODUCTS_DIR)/Snip-d.app/$(BUNDLE_EXECUTABLE_FOLDER_PATH)/Snip-d";
			};
			name = Release;
		};
		26C523812DEFFE5A009FA746 /* Debug */ = {
			isa = XCBuildConfiguration;
			buildSettings = {
				CODE_SIGN_STYLE = Automatic;
				CURRENT_PROJECT_VERSION = 1;
				GENERATE_INFOPLIST_FILE = YES;
				MARKETING_VERSION = 1.0;
				PRODUCT_BUNDLE_IDENTIFIER = "edu.uw.ischool.tkhieu.Snip-dUITests";
				PRODUCT_NAME = "$(TARGET_NAME)";
				SWIFT_EMIT_LOC_STRINGS = NO;
				SWIFT_VERSION = 5.0;
				TARGETED_DEVICE_FAMILY = "1,2";
				TEST_TARGET_NAME = "Snip-d";
			};
			name = Debug;
		};
		26C523822DEFFE5A009FA746 /* Release */ = {
			isa = XCBuildConfiguration;
			buildSettings = {
				CODE_SIGN_STYLE = Automatic;
				CURRENT_PROJECT_VERSION = 1;
				GENERATE_INFOPLIST_FILE = YES;
				MARKETING_VERSION = 1.0;
				PRODUCT_BUNDLE_IDENTIFIER = "edu.uw.ischool.tkhieu.Snip-dUITests";
				PRODUCT_NAME = "$(TARGET_NAME)";
				SWIFT_EMIT_LOC_STRINGS = NO;
				SWIFT_VERSION = 5.0;
				TARGETED_DEVICE_FAMILY = "1,2";
				TEST_TARGET_NAME = "Snip-d";
			};
			name = Release;
		};
/* End XCBuildConfiguration section */

/* Begin XCConfigurationList section */
		26C523542DEFFE58009FA746 /* Build configuration list for PBXProject "Snip-d" */ = {
			isa = XCConfigurationList;
			buildConfigurations = (
				26C523782DEFFE5A009FA746 /* Debug */,
				26C523792DEFFE5A009FA746 /* Release */,
			);
			defaultConfigurationIsVisible = 0;
			defaultConfigurationName = Release;
		};
		26C5237A2DEFFE5A009FA746 /* Build configuration list for PBXNativeTarget "Snip-d" */ = {
			isa = XCConfigurationList;
			buildConfigurations = (
				26C5237B2DEFFE5A009FA746 /* Debug */,
				26C5237C2DEFFE5A009FA746 /* Release */,
			);
			defaultConfigurationIsVisible = 0;
			defaultConfigurationName = Release;
		};
		26C5237D2DEFFE5A009FA746 /* Build configuration list for PBXNativeTarget "Snip-dTests" */ = {
			isa = XCConfigurationList;
			buildConfigurations = (
				26C5237E2DEFFE5A009FA746 /* Debug */,
				26C5237F2DEFFE5A009FA746 /* Release */,
			);
			defaultConfigurationIsVisible = 0;
			defaultConfigurationName = Release;
		};
		26C523802DEFFE5A009FA746 /* Build configuration list for PBXNativeTarget "Snip-dUITests" */ = {
			isa = XCConfigurationList;
			buildConfigurations = (
				26C523812DEFFE5A009FA746 /* Debug */,
				26C523822DEFFE5A009FA746 /* Release */,
			);
			defaultConfigurationIsVisible = 0;
			defaultConfigurationName = Release;
		};
/* End XCConfigurationList section */

/* Begin XCRemoteSwiftPackageReference section */
		26C5244B2DF0065C009FA746 /* XCRemoteSwiftPackageReference "firebase-ios-sdk" */ = {
			isa = XCRemoteSwiftPackageReference;
			repositoryURL = "https://github.com/firebase/firebase-ios-sdk";
			requirement = {
				kind = upToNextMajorVersion;
				minimumVersion = 11.14.0;
			};
		};
/* End XCRemoteSwiftPackageReference section */

/* Begin XCSwiftPackageProductDependency section */
		267F55872DF0C84100EAF612 /* FirebaseFirestoreCombine-Community */ = {
			isa = XCSwiftPackageProductDependency;
			package = 26C5244B2DF0065C009FA746 /* XCRemoteSwiftPackageReference "firebase-ios-sdk" */;
			productName = "FirebaseFirestoreCombine-Community";
		};
		26C5244C2DF0065C009FA746 /* FirebaseAnalytics */ = {
			isa = XCSwiftPackageProductDependency;
			package = 26C5244B2DF0065C009FA746 /* XCRemoteSwiftPackageReference "firebase-ios-sdk" */;
			productName = FirebaseAnalytics;
		};
		26C5244E2DF0065C009FA746 /* FirebaseAuth */ = {
			isa = XCSwiftPackageProductDependency;
			package = 26C5244B2DF0065C009FA746 /* XCRemoteSwiftPackageReference "firebase-ios-sdk" */;
			productName = FirebaseAuth;
		};
		26C524502DF0065C009FA746 /* FirebaseFirestore */ = {
			isa = XCSwiftPackageProductDependency;
			package = 26C5244B2DF0065C009FA746 /* XCRemoteSwiftPackageReference "firebase-ios-sdk" */;
			productName = FirebaseFirestore;
		};
		26C524522DF0065C009FA746 /* FirebaseStorage */ = {
			isa = XCSwiftPackageProductDependency;
			package = 26C5244B2DF0065C009FA746 /* XCRemoteSwiftPackageReference "firebase-ios-sdk" */;
			productName = FirebaseStorage;
		};
/* End XCSwiftPackageProductDependency section */
	};
	rootObject = 26C523512DEFFE58009FA746 /* Project object */;
}
